
Microsoft Visual Studio Solution File, Format Version 12.00
# Visual Studio Version 17
VisualStudioVersion = 17.13.35825.156
MinimumVisualStudioVersion = 10.0.40219.1
Project("{FAE04EC0-301F-11D3-BF4B-00C04F79EFBC}") = "Inventory", "PotionSeller\Inventory.csproj", "{A66B5F92-80D4-47F0-8A17-F2343A700B29}"
EndProject
Global
	GlobalSection(SolutionConfigurationPlatforms) = preSolution
		Debug|Any CPU = Debug|Any CPU
		Release|Any CPU = Release|Any CPU
	EndGlobalSection
	GlobalSection(ProjectConfigurationPlatforms) = postSolution
		{A66B5F92-80D4-47F0-8A17-F2343A700B29}.Debug|Any CPU.ActiveCfg = Debug|Any CPU
		{A66B5F92-80D4-47F0-8A17-F2343A700B29}.Debug|Any CPU.Build.0 = Debug|Any CPU
		{A66B5F92-80D4-47F0-8A17-F2343A700B29}.Release|Any CPU.ActiveCfg = Release|Any CPU
		{A66B5F92-80D4-47F0-8A17-F2343A700B29}.Release|Any CPU.Build.0 = Release|Any CPU
	EndGlobalSection
	GlobalSection(SolutionProperties) = preSolution
		HideSolutionNode = FALSE
	EndGlobalSection
	GlobalSection(ExtensibilityGlobals) = postSolution
		SolutionGuid = {94D4A638-5A89-49AA-8B21-8548A86F8F23}
	EndGlobalSection
EndGlobal
